
Microsoft Visual Studio Solution File, Format Version 12.00
# Visual Studio Version 16
VisualStudioVersion = 16.0.31112.23
MinimumVisualStudioVersion = 10.0.40219.1
Project("{9A19103F-16F7-4668-BE54-9A1E7A4F7556}") = "LinuxNote", "LinuxNote.csproj", "{6E14F056-8AE7-436A-A7FF-0A4A4F9D23FD}"
EndProject
Global
	GlobalSection(SolutionConfigurationPlatforms) = preSolution
		Debug|Any CPU = Debug|Any CPU
		Release|Any CPU = Release|Any CPU
	EndGlobalSection
	GlobalSection(ProjectConfigurationPlatforms) = postSolution
		{6E14F056-8AE7-436A-A7FF-0A4A4F9D23FD}.Debug|Any CPU.ActiveCfg = Debug|Any CPU
		{6E14F056-8AE7-436A-A7FF-0A4A4F9D23FD}.Debug|Any CPU.Build.0 = Debug|Any CPU
		{6E14F056-8AE7-436A-A7FF-0A4A4F9D23FD}.Release|Any CPU.ActiveCfg = Release|Any CPU
		{6E14F056-8AE7-436A-A7FF-0A4A4F9D23FD}.Release|Any CPU.Build.0 = Release|Any CPU
	EndGlobalSection
	GlobalSection(SolutionProperties) = preSolution
		HideSolutionNode = FALSE
	EndGlobalSection
	GlobalSection(ExtensibilityGlobals) = postSolution
		SolutionGuid = {FF7267F1-66E4-43EC-83F3-AC9700953ACC}
	EndGlobalSection
EndGlobal
